
Microsoft Visual Studio Solution File, Format Version 12.00
# Visual Studio 15
VisualStudioVersion = 15.0.28307.168
MinimumVisualStudioVersion = 10.0.40219.1
Project("{FAE04EC0-301F-11D3-BF4B-00C04F79EFBC}") = "PackagingChallenge", "PackagingChallenge\PackagingChallenge.csproj", "{5BDB8FDF-8791-408B-A789-AF41746FA3B3}"
EndProject
Project("{FAE04EC0-301F-11D3-BF4B-00C04F79EFBC}") = "PackagingChallenge.Business", "PackagingChallenge.Business\PackagingChallenge.Business.csproj", "{4449FE22-0AE5-4DDC-A9C6-798762D87FF1}"
EndProject
Project("{FAE04EC0-301F-11D3-BF4B-00C04F79EFBC}") = "PackagingChallenge.Domain", "PackagingChallenge.Domain\PackagingChallenge.Domain.csproj", "{83F41B2F-0D95-483D-9796-4A394AFC7578}"
EndProject
Global
	GlobalSection(SolutionConfigurationPlatforms) = preSolution
		Debug|Any CPU = Debug|Any CPU
		Release|Any CPU = Release|Any CPU
	EndGlobalSection
	GlobalSection(ProjectConfigurationPlatforms) = postSolution
		{5BDB8FDF-8791-408B-A789-AF41746FA3B3}.Debug|Any CPU.ActiveCfg = Debug|Any CPU
		{5BDB8FDF-8791-408B-A789-AF41746FA3B3}.Debug|Any CPU.Build.0 = Debug|Any CPU
		{5BDB8FDF-8791-408B-A789-AF41746FA3B3}.Release|Any CPU.ActiveCfg = Release|Any CPU
		{5BDB8FDF-8791-408B-A789-AF41746FA3B3}.Release|Any CPU.Build.0 = Release|Any CPU
		{4449FE22-0AE5-4DDC-A9C6-798762D87FF1}.Debug|Any CPU.ActiveCfg = Debug|Any CPU
		{4449FE22-0AE5-4DDC-A9C6-798762D87FF1}.Debug|Any CPU.Build.0 = Debug|Any CPU
		{4449FE22-0AE5-4DDC-A9C6-798762D87FF1}.Release|Any CPU.ActiveCfg = Release|Any CPU
		{4449FE22-0AE5-4DDC-A9C6-798762D87FF1}.Release|Any CPU.Build.0 = Release|Any CPU
		{83F41B2F-0D95-483D-9796-4A394AFC7578}.Debug|Any CPU.ActiveCfg = Debug|Any CPU
		{83F41B2F-0D95-483D-9796-4A394AFC7578}.Debug|Any CPU.Build.0 = Debug|Any CPU
		{83F41B2F-0D95-483D-9796-4A394AFC7578}.Release|Any CPU.ActiveCfg = Release|Any CPU
		{83F41B2F-0D95-483D-9796-4A394AFC7578}.Release|Any CPU.Build.0 = Release|Any CPU
	EndGlobalSection
	GlobalSection(SolutionProperties) = preSolution
		HideSolutionNode = FALSE
	EndGlobalSection
	GlobalSection(ExtensibilityGlobals) = postSolution
		SolutionGuid = {56F8050B-7200-49AD-AB84-DED2C3C7E38F}
	EndGlobalSection
EndGlobal
